
Microsoft Visual Studio Solution File, Format Version 12.00
# Visual Studio 15
VisualStudioVersion = 15.0.28307.168
MinimumVisualStudioVersion = 10.0.40219.1
Project("{8BC9CEB8-8B4A-11D0-8D11-00A0C91BC942}") = "Lecture 8", "Lecture 8\Lecture 8.vcxproj", "{26AA6A26-EA6C-4D50-8D2C-FCACEB15DFDF}"
EndProject
Global
	GlobalSection(SolutionConfigurationPlatforms) = preSolution
		Debug|x64 = Debug|x64
		Debug|x86 = Debug|x86
		Release|x64 = Release|x64
		Release|x86 = Release|x86
	EndGlobalSection
	GlobalSection(ProjectConfigurationPlatforms) = postSolution
		{26AA6A26-EA6C-4D50-8D2C-FCACEB15DFDF}.Debug|x64.ActiveCfg = Debug|x64
		{26AA6A26-EA6C-4D50-8D2C-FCACEB15DFDF}.Debug|x64.Build.0 = Debug|x64
		{26AA6A26-EA6C-4D50-8D2C-FCACEB15DFDF}.Debug|x86.ActiveCfg = Debug|Win32
		{26AA6A26-EA6C-4D50-8D2C-FCACEB15DFDF}.Debug|x86.Build.0 = Debug|Win32
		{26AA6A26-EA6C-4D50-8D2C-FCACEB15DFDF}.Release|x64.ActiveCfg = Release|x64
		{26AA6A26-EA6C-4D50-8D2C-FCACEB15DFDF}.Release|x64.Build.0 = Release|x64
		{26AA6A26-EA6C-4D50-8D2C-FCACEB15DFDF}.Release|x86.ActiveCfg = Release|Win32
		{26AA6A26-EA6C-4D50-8D2C-FCACEB15DFDF}.Release|x86.Build.0 = Release|Win32
	EndGlobalSection
	GlobalSection(SolutionProperties) = preSolution
		HideSolutionNode = FALSE
	EndGlobalSection
	GlobalSection(ExtensibilityGlobals) = postSolution
		SolutionGuid = {E6679FC9-EB95-4DE8-8679-49D4A7B155AA}
	EndGlobalSection
EndGlobal
